
Microsoft Visual Studio Solution File, Format Version 12.00
# Visual Studio Express 2013 for Windows Desktop
VisualStudioVersion = 12.0.40629.0
MinimumVisualStudioVersion = 10.0.40219.1
Project("{FAE04EC0-301F-11D3-BF4B-00C04F79EFBC}") = "ElectronicObserver", "ElectronicObserver\ElectronicObserver.csproj", "{A9ABEC50-1BFC-4C69-87AE-C68DB6004F68}"
EndProject
Project("{FAE04EC0-301F-11D3-BF4B-00C04F79EFBC}") = "Browser", "Browser\Browser.csproj", "{87A2B596-57D0-48BB-B522-895782D7A6FC}"
EndProject
Project("{FAE04EC0-301F-11D3-BF4B-00C04F79EFBC}") = "BrowserLib", "BrowserLib\BrowserLib.csproj", "{8BB3E37D-09FB-40B9-958A-8CDCD18EF1F5}"
EndProject
Project("{FAE04EC0-301F-11D3-BF4B-00C04F79EFBC}") = "WinFormsUI", "DockPanelSuite\WinFormsUI\WinFormsUI.csproj", "{C75532C4-765B-418E-B09B-46D36B2ABDB1}"
EndProject
Project("{FAE04EC0-301F-11D3-BF4B-00C04F79EFBC}") = "SwfExtractor", "SwfExtractor\SwfExtractor\SwfExtractor.csproj", "{44244148-D3FE-4D71-AA8F-CACB54AC53C1}"
EndProject
Global
	GlobalSection(SolutionConfigurationPlatforms) = preSolution
		Debug|Any CPU = Debug|Any CPU
		Release|Any CPU = Release|Any CPU
	EndGlobalSection
	GlobalSection(ProjectConfigurationPlatforms) = postSolution
		{A9ABEC50-1BFC-4C69-87AE-C68DB6004F68}.Debug|Any CPU.ActiveCfg = Debug|Any CPU
		{A9ABEC50-1BFC-4C69-87AE-C68DB6004F68}.Debug|Any CPU.Build.0 = Debug|Any CPU
		{A9ABEC50-1BFC-4C69-87AE-C68DB6004F68}.Release|Any CPU.ActiveCfg = Release|Any CPU
		{A9ABEC50-1BFC-4C69-87AE-C68DB6004F68}.Release|Any CPU.Build.0 = Release|Any CPU
		{87A2B596-57D0-48BB-B522-895782D7A6FC}.Debug|Any CPU.ActiveCfg = Debug|Any CPU
		{87A2B596-57D0-48BB-B522-895782D7A6FC}.Debug|Any CPU.Build.0 = Debug|Any CPU
		{87A2B596-57D0-48BB-B522-895782D7A6FC}.Release|Any CPU.ActiveCfg = Release|Any CPU
		{87A2B596-57D0-48BB-B522-895782D7A6FC}.Release|Any CPU.Build.0 = Release|Any CPU
		{8BB3E37D-09FB-40B9-958A-8CDCD18EF1F5}.Debug|Any CPU.ActiveCfg = Debug|Any CPU
		{8BB3E37D-09FB-40B9-958A-8CDCD18EF1F5}.Debug|Any CPU.Build.0 = Debug|Any CPU
		{8BB3E37D-09FB-40B9-958A-8CDCD18EF1F5}.Release|Any CPU.ActiveCfg = Release|Any CPU
		{8BB3E37D-09FB-40B9-958A-8CDCD18EF1F5}.Release|Any CPU.Build.0 = Release|Any CPU
		{C75532C4-765B-418E-B09B-46D36B2ABDB1}.Debug|Any CPU.ActiveCfg = Debug|Any CPU
		{C75532C4-765B-418E-B09B-46D36B2ABDB1}.Debug|Any CPU.Build.0 = Debug|Any CPU
		{C75532C4-765B-418E-B09B-46D36B2ABDB1}.Release|Any CPU.ActiveCfg = Release|Any CPU
		{C75532C4-765B-418E-B09B-46D36B2ABDB1}.Release|Any CPU.Build.0 = Release|Any CPU
		{44244148-D3FE-4D71-AA8F-CACB54AC53C1}.Debug|Any CPU.ActiveCfg = Debug|Any CPU
		{44244148-D3FE-4D71-AA8F-CACB54AC53C1}.Debug|Any CPU.Build.0 = Debug|Any CPU
		{44244148-D3FE-4D71-AA8F-CACB54AC53C1}.Release|Any CPU.ActiveCfg = Release|Any CPU
		{44244148-D3FE-4D71-AA8F-CACB54AC53C1}.Release|Any CPU.Build.0 = Release|Any CPU
	EndGlobalSection
	GlobalSection(SolutionProperties) = preSolution
		HideSolutionNode = FALSE
	EndGlobalSection
EndGlobal
