
Microsoft Visual Studio Solution File, Format Version 12.00
# Visual Studio Version 16
VisualStudioVersion = 16.0.30621.155
MinimumVisualStudioVersion = 10.0.40219.1
Project("{FAE04EC0-301F-11D3-BF4B-00C04F79EFBC}") = "ElectronicObserver", "ElectronicObserver\ElectronicObserver.csproj", "{A9ABEC50-1BFC-4C69-87AE-C68DB6004F68}"
	ProjectSection(ProjectDependencies) = postProject
		{87A2B596-57D0-48BB-B522-895782D7A6FC} = {87A2B596-57D0-48BB-B522-895782D7A6FC}
	EndProjectSection
EndProject
Project("{FAE04EC0-301F-11D3-BF4B-00C04F79EFBC}") = "Browser", "Browser\Browser.csproj", "{87A2B596-57D0-48BB-B522-895782D7A6FC}"
EndProject
Project("{FAE04EC0-301F-11D3-BF4B-00C04F79EFBC}") = "BrowserLib", "BrowserLib\BrowserLib.csproj", "{8BB3E37D-09FB-40B9-958A-8CDCD18EF1F5}"
EndProject
Project("{FAE04EC0-301F-11D3-BF4B-00C04F79EFBC}") = "WinFormsUI", "DockPanelSuite\WinFormsUI\WinFormsUI.csproj", "{C75532C4-765B-418E-B09B-46D36B2ABDB1}"
EndProject
Project("{2150E333-8FDC-42A3-9474-1A3956D46DE8}") = "Solution Items", "Solution Items", "{28D9C14D-801B-42B7-B498-ABF8078541FD}"
	ProjectSection(SolutionItems) = preProject
		.editorconfig = .editorconfig
	EndProjectSection
EndProject
Project("{FAE04EC0-301F-11D3-BF4B-00C04F79EFBC}") = "ThemeVS2012Light", "DockPanelSuite\WinFormsUI\ThemeVS2012Light.csproj", "{4ED4FDB5-9FD0-49E6-876D-1635F727C755}"
EndProject
Project("{FAE04EC0-301F-11D3-BF4B-00C04F79EFBC}") = "ElectronicObserverUpdater", "ElectronicObserverUpdater\ElectronicObserverUpdater.csproj", "{83DF5838-CF4B-430F-A1A7-0FE38C28CF00}"
EndProject
Global
	GlobalSection(SolutionConfigurationPlatforms) = preSolution
		Debug|Any CPU = Debug|Any CPU
		Release|Any CPU = Release|Any CPU
	EndGlobalSection
	GlobalSection(ProjectConfigurationPlatforms) = postSolution
		{A9ABEC50-1BFC-4C69-87AE-C68DB6004F68}.Debug|Any CPU.ActiveCfg = Debug|Any CPU
		{A9ABEC50-1BFC-4C69-87AE-C68DB6004F68}.Debug|Any CPU.Build.0 = Debug|Any CPU
		{A9ABEC50-1BFC-4C69-87AE-C68DB6004F68}.Release|Any CPU.ActiveCfg = Release|Any CPU
		{A9ABEC50-1BFC-4C69-87AE-C68DB6004F68}.Release|Any CPU.Build.0 = Release|Any CPU
		{87A2B596-57D0-48BB-B522-895782D7A6FC}.Debug|Any CPU.ActiveCfg = Debug|Any CPU
		{87A2B596-57D0-48BB-B522-895782D7A6FC}.Debug|Any CPU.Build.0 = Debug|Any CPU
		{87A2B596-57D0-48BB-B522-895782D7A6FC}.Release|Any CPU.ActiveCfg = Release|Any CPU
		{87A2B596-57D0-48BB-B522-895782D7A6FC}.Release|Any CPU.Build.0 = Release|Any CPU
		{8BB3E37D-09FB-40B9-958A-8CDCD18EF1F5}.Debug|Any CPU.ActiveCfg = Debug|Any CPU
		{8BB3E37D-09FB-40B9-958A-8CDCD18EF1F5}.Debug|Any CPU.Build.0 = Debug|Any CPU
		{8BB3E37D-09FB-40B9-958A-8CDCD18EF1F5}.Release|Any CPU.ActiveCfg = Release|Any CPU
		{8BB3E37D-09FB-40B9-958A-8CDCD18EF1F5}.Release|Any CPU.Build.0 = Release|Any CPU
		{C75532C4-765B-418E-B09B-46D36B2ABDB1}.Debug|Any CPU.ActiveCfg = Debug|Any CPU
		{C75532C4-765B-418E-B09B-46D36B2ABDB1}.Debug|Any CPU.Build.0 = Debug|Any CPU
		{C75532C4-765B-418E-B09B-46D36B2ABDB1}.Release|Any CPU.ActiveCfg = Release|Any CPU
		{C75532C4-765B-418E-B09B-46D36B2ABDB1}.Release|Any CPU.Build.0 = Release|Any CPU
		{4ED4FDB5-9FD0-49E6-876D-1635F727C755}.Debug|Any CPU.ActiveCfg = Debug|Any CPU
		{4ED4FDB5-9FD0-49E6-876D-1635F727C755}.Debug|Any CPU.Build.0 = Debug|Any CPU
		{4ED4FDB5-9FD0-49E6-876D-1635F727C755}.Release|Any CPU.ActiveCfg = Release|Any CPU
		{4ED4FDB5-9FD0-49E6-876D-1635F727C755}.Release|Any CPU.Build.0 = Release|Any CPU
		{F9033E14-5633-4975-BB3C-1B395AD69E68}.Debug|Any CPU.ActiveCfg = Debug|Any CPU
		{F9033E14-5633-4975-BB3C-1B395AD69E68}.Debug|Any CPU.Build.0 = Debug|Any CPU
		{F9033E14-5633-4975-BB3C-1B395AD69E68}.Release|Any CPU.ActiveCfg = Release|Any CPU
		{F9033E14-5633-4975-BB3C-1B395AD69E68}.Release|Any CPU.Build.0 = Release|Any CPU
		{83DF5838-CF4B-430F-A1A7-0FE38C28CF00}.Debug|Any CPU.ActiveCfg = Debug|Any CPU
		{83DF5838-CF4B-430F-A1A7-0FE38C28CF00}.Debug|Any CPU.Build.0 = Debug|Any CPU
		{83DF5838-CF4B-430F-A1A7-0FE38C28CF00}.Release|Any CPU.ActiveCfg = Release|Any CPU
		{83DF5838-CF4B-430F-A1A7-0FE38C28CF00}.Release|Any CPU.Build.0 = Release|Any CPU
	EndGlobalSection
	GlobalSection(SolutionProperties) = preSolution
		HideSolutionNode = FALSE
	EndGlobalSection
	GlobalSection(ExtensibilityGlobals) = postSolution
		SolutionGuid = {84B27D64-9786-4547-801E-3631DDC32551}
	EndGlobalSection
EndGlobal
