
Microsoft Visual Studio Solution File, Format Version 12.00
# Visual Studio 14
VisualStudioVersion = 14.0.23107.0
MinimumVisualStudioVersion = 10.0.40219.1
Project("{FAE04EC0-301F-11D3-BF4B-00C04F79EFBC}") = "ElectronicObserver", "ElectronicObserver\ElectronicObserver.csproj", "{A9ABEC50-1BFC-4C69-87AE-C68DB6004F68}"
	ProjectSection(ProjectDependencies) = postProject
		{87A2B596-57D0-48BB-B522-895782D7A6FC} = {87A2B596-57D0-48BB-B522-895782D7A6FC}
	EndProjectSection
EndProject
Project("{FAE04EC0-301F-11D3-BF4B-00C04F79EFBC}") = "Browser", "Browser\Browser.csproj", "{87A2B596-57D0-48BB-B522-895782D7A6FC}"
EndProject
Project("{FAE04EC0-301F-11D3-BF4B-00C04F79EFBC}") = "BrowserLib", "BrowserLib\BrowserLib.csproj", "{8BB3E37D-09FB-40B9-958A-8CDCD18EF1F5}"
EndProject
Project("{FAE04EC0-301F-11D3-BF4B-00C04F79EFBC}") = "WinFormsUI", "DockPanelSuite\WinFormsUI\WinFormsUI.csproj", "{C75532C4-765B-418E-B09B-46D36B2ABDB1}"
EndProject
Project("{2150E333-8FDC-42A3-9474-1A3956D46DE8}") = "Plugins", "Plugins", "{5D833303-E2DE-4F0D-90A6-6376B85AB779}"
EndProject
Project("{FAE04EC0-301F-11D3-BF4B-00C04F79EFBC}") = "Battles", "Plugins\Battles\Battles.csproj", "{73C79403-21D4-45AE-8769-332613CD45F0}"
	ProjectSection(ProjectDependencies) = postProject
		{A9ABEC50-1BFC-4C69-87AE-C68DB6004F68} = {A9ABEC50-1BFC-4C69-87AE-C68DB6004F68}
		{C75532C4-765B-418E-B09B-46D36B2ABDB1} = {C75532C4-765B-418E-B09B-46D36B2ABDB1}
	EndProjectSection
EndProject
Project("{FAE04EC0-301F-11D3-BF4B-00C04F79EFBC}") = "Headquarters", "Plugins\Headquarters\Headquarters.csproj", "{BDBA35E2-8AC6-40AB-B08D-453B1FDC4A2E}"
	ProjectSection(ProjectDependencies) = postProject
		{A9ABEC50-1BFC-4C69-87AE-C68DB6004F68} = {A9ABEC50-1BFC-4C69-87AE-C68DB6004F68}
		{C75532C4-765B-418E-B09B-46D36B2ABDB1} = {C75532C4-765B-418E-B09B-46D36B2ABDB1}
	EndProjectSection
EndProject
Project("{FAE04EC0-301F-11D3-BF4B-00C04F79EFBC}") = "Information", "Plugins\Information\Information.csproj", "{31A87F29-7AA1-4E39-900E-9F038CE69AB5}"
	ProjectSection(ProjectDependencies) = postProject
		{A9ABEC50-1BFC-4C69-87AE-C68DB6004F68} = {A9ABEC50-1BFC-4C69-87AE-C68DB6004F68}
		{C75532C4-765B-418E-B09B-46D36B2ABDB1} = {C75532C4-765B-418E-B09B-46D36B2ABDB1}
	EndProjectSection
EndProject
Project("{FAE04EC0-301F-11D3-BF4B-00C04F79EFBC}") = "Log", "Plugins\Log\Log.csproj", "{6535B2BC-2C78-468E-829E-8FD295210B09}"
	ProjectSection(ProjectDependencies) = postProject
		{A9ABEC50-1BFC-4C69-87AE-C68DB6004F68} = {A9ABEC50-1BFC-4C69-87AE-C68DB6004F68}
		{C75532C4-765B-418E-B09B-46D36B2ABDB1} = {C75532C4-765B-418E-B09B-46D36B2ABDB1}
	EndProjectSection
EndProject
Project("{FAE04EC0-301F-11D3-BF4B-00C04F79EFBC}") = "Quest", "Plugins\Quest\Quest.csproj", "{8B5597A8-C26E-4EAC-9902-07BE93DEBAD1}"
	ProjectSection(ProjectDependencies) = postProject
		{A9ABEC50-1BFC-4C69-87AE-C68DB6004F68} = {A9ABEC50-1BFC-4C69-87AE-C68DB6004F68}
		{C75532C4-765B-418E-B09B-46D36B2ABDB1} = {C75532C4-765B-418E-B09B-46D36B2ABDB1}
	EndProjectSection
EndProject
Project("{FAE04EC0-301F-11D3-BF4B-00C04F79EFBC}") = "Overview", "Plugins\Overview\Overview.csproj", "{9392DA23-EB51-4FB0-A14E-E89FC7AB8804}"
	ProjectSection(ProjectDependencies) = postProject
		{A9ABEC50-1BFC-4C69-87AE-C68DB6004F68} = {A9ABEC50-1BFC-4C69-87AE-C68DB6004F68}
		{C75532C4-765B-418E-B09B-46D36B2ABDB1} = {C75532C4-765B-418E-B09B-46D36B2ABDB1}
	EndProjectSection
EndProject
Project("{FAE04EC0-301F-11D3-BF4B-00C04F79EFBC}") = "APILoader", "Plugins\APILoader\APILoader.csproj", "{BC2F555D-EFD9-43A7-8F91-0621BAFF8692}"
	ProjectSection(ProjectDependencies) = postProject
		{A9ABEC50-1BFC-4C69-87AE-C68DB6004F68} = {A9ABEC50-1BFC-4C69-87AE-C68DB6004F68}
	EndProjectSection
EndProject
Project("{2150E333-8FDC-42A3-9474-1A3956D46DE8}") = "DockContent", "DockContent", "{0FBDA5F9-67E9-4480-8E59-82A26CF97853}"
EndProject
Project("{2150E333-8FDC-42A3-9474-1A3956D46DE8}") = "Service", "Service", "{71C5EDC8-D6F4-4801-B818-5385E277475F}"
EndProject
Project("{2150E333-8FDC-42A3-9474-1A3956D46DE8}") = "Dialog", "Dialog", "{3C67992F-0B4B-4785-9A9C-8FFC36552E2C}"
EndProject
Project("{FAE04EC0-301F-11D3-BF4B-00C04F79EFBC}") = "ResourceChart", "Plugins\ResourceChart\ResourceChart.csproj", "{0445B4CC-A3A9-477D-BACA-52FCB4431F21}"
	ProjectSection(ProjectDependencies) = postProject
		{A9ABEC50-1BFC-4C69-87AE-C68DB6004F68} = {A9ABEC50-1BFC-4C69-87AE-C68DB6004F68}
	EndProjectSection
EndProject
Project("{FAE04EC0-301F-11D3-BF4B-00C04F79EFBC}") = "Notifier", "Plugins\Notifier\Notifier.csproj", "{78E761E9-08D9-4348-B75D-6B12DE826312}"
	ProjectSection(ProjectDependencies) = postProject
		{A9ABEC50-1BFC-4C69-87AE-C68DB6004F68} = {A9ABEC50-1BFC-4C69-87AE-C68DB6004F68}
	EndProjectSection
EndProject
Project("{FAE04EC0-301F-11D3-BF4B-00C04F79EFBC}") = "DBSender", "Plugins\DBSender\DBSender.csproj", "{2D6601AF-451C-4D95-9776-3BE08215958D}"
	ProjectSection(ProjectDependencies) = postProject
		{A9ABEC50-1BFC-4C69-87AE-C68DB6004F68} = {A9ABEC50-1BFC-4C69-87AE-C68DB6004F68}
	EndProjectSection
EndProject
Project("{FAE04EC0-301F-11D3-BF4B-00C04F79EFBC}") = "Calculator", "Calculator\Calculator.csproj", "{3A71A62E-21C6-474C-8918-B1E9DB8826FB}"
EndProject
Project("{FAE04EC0-301F-11D3-BF4B-00C04F79EFBC}") = "CustomShipGroup", "Plugins\CustomShipGroup\CustomShipGroup.csproj", "{6B28F88B-CDA9-4DCF-A751-736E8A9F5C3B}"
	ProjectSection(ProjectDependencies) = postProject
		{A9ABEC50-1BFC-4C69-87AE-C68DB6004F68} = {A9ABEC50-1BFC-4C69-87AE-C68DB6004F68}
	EndProjectSection
EndProject
Project("{2150E333-8FDC-42A3-9474-1A3956D46DE8}") = "Observer", "Observer", "{0BE1A2EE-B32D-4B73-880A-F0CEBE8247EC}"
EndProject
Project("{FAE04EC0-301F-11D3-BF4B-00C04F79EFBC}") = "LocalCacher", "Plugins\LocalCacher\LocalCacher.csproj", "{69C19ACA-61CD-4177-8C26-19B1967118F5}"
	ProjectSection(ProjectDependencies) = postProject
		{A9ABEC50-1BFC-4C69-87AE-C68DB6004F68} = {A9ABEC50-1BFC-4C69-87AE-C68DB6004F68}
		{C75532C4-765B-418E-B09B-46D36B2ABDB1} = {C75532C4-765B-418E-B09B-46D36B2ABDB1}
	EndProjectSection
EndProject
Global
	GlobalSection(SolutionConfigurationPlatforms) = preSolution
		Debug|Any CPU = Debug|Any CPU
		Release|Any CPU = Release|Any CPU
	EndGlobalSection
	GlobalSection(ProjectConfigurationPlatforms) = postSolution
		{A9ABEC50-1BFC-4C69-87AE-C68DB6004F68}.Debug|Any CPU.ActiveCfg = Debug|Any CPU
		{A9ABEC50-1BFC-4C69-87AE-C68DB6004F68}.Debug|Any CPU.Build.0 = Debug|Any CPU
		{A9ABEC50-1BFC-4C69-87AE-C68DB6004F68}.Release|Any CPU.ActiveCfg = Release|Any CPU
		{A9ABEC50-1BFC-4C69-87AE-C68DB6004F68}.Release|Any CPU.Build.0 = Release|Any CPU
		{87A2B596-57D0-48BB-B522-895782D7A6FC}.Debug|Any CPU.ActiveCfg = Debug|Any CPU
		{87A2B596-57D0-48BB-B522-895782D7A6FC}.Debug|Any CPU.Build.0 = Debug|Any CPU
		{87A2B596-57D0-48BB-B522-895782D7A6FC}.Release|Any CPU.ActiveCfg = Release|Any CPU
		{87A2B596-57D0-48BB-B522-895782D7A6FC}.Release|Any CPU.Build.0 = Release|Any CPU
		{8BB3E37D-09FB-40B9-958A-8CDCD18EF1F5}.Debug|Any CPU.ActiveCfg = Debug|Any CPU
		{8BB3E37D-09FB-40B9-958A-8CDCD18EF1F5}.Debug|Any CPU.Build.0 = Debug|Any CPU
		{8BB3E37D-09FB-40B9-958A-8CDCD18EF1F5}.Release|Any CPU.ActiveCfg = Release|Any CPU
		{8BB3E37D-09FB-40B9-958A-8CDCD18EF1F5}.Release|Any CPU.Build.0 = Release|Any CPU
		{C75532C4-765B-418E-B09B-46D36B2ABDB1}.Debug|Any CPU.ActiveCfg = Debug|Any CPU
		{C75532C4-765B-418E-B09B-46D36B2ABDB1}.Debug|Any CPU.Build.0 = Debug|Any CPU
		{C75532C4-765B-418E-B09B-46D36B2ABDB1}.Release|Any CPU.ActiveCfg = Release|Any CPU
		{C75532C4-765B-418E-B09B-46D36B2ABDB1}.Release|Any CPU.Build.0 = Release|Any CPU
		{73C79403-21D4-45AE-8769-332613CD45F0}.Debug|Any CPU.ActiveCfg = Debug|Any CPU
		{73C79403-21D4-45AE-8769-332613CD45F0}.Debug|Any CPU.Build.0 = Debug|Any CPU
		{73C79403-21D4-45AE-8769-332613CD45F0}.Release|Any CPU.ActiveCfg = Release|Any CPU
		{73C79403-21D4-45AE-8769-332613CD45F0}.Release|Any CPU.Build.0 = Release|Any CPU
		{BDBA35E2-8AC6-40AB-B08D-453B1FDC4A2E}.Debug|Any CPU.ActiveCfg = Debug|Any CPU
		{BDBA35E2-8AC6-40AB-B08D-453B1FDC4A2E}.Debug|Any CPU.Build.0 = Debug|Any CPU
		{BDBA35E2-8AC6-40AB-B08D-453B1FDC4A2E}.Release|Any CPU.ActiveCfg = Release|Any CPU
		{BDBA35E2-8AC6-40AB-B08D-453B1FDC4A2E}.Release|Any CPU.Build.0 = Release|Any CPU
		{31A87F29-7AA1-4E39-900E-9F038CE69AB5}.Debug|Any CPU.ActiveCfg = Debug|Any CPU
		{31A87F29-7AA1-4E39-900E-9F038CE69AB5}.Debug|Any CPU.Build.0 = Debug|Any CPU
		{31A87F29-7AA1-4E39-900E-9F038CE69AB5}.Release|Any CPU.ActiveCfg = Release|Any CPU
		{31A87F29-7AA1-4E39-900E-9F038CE69AB5}.Release|Any CPU.Build.0 = Release|Any CPU
		{6535B2BC-2C78-468E-829E-8FD295210B09}.Debug|Any CPU.ActiveCfg = Debug|Any CPU
		{6535B2BC-2C78-468E-829E-8FD295210B09}.Debug|Any CPU.Build.0 = Debug|Any CPU
		{6535B2BC-2C78-468E-829E-8FD295210B09}.Release|Any CPU.ActiveCfg = Release|Any CPU
		{6535B2BC-2C78-468E-829E-8FD295210B09}.Release|Any CPU.Build.0 = Release|Any CPU
		{8B5597A8-C26E-4EAC-9902-07BE93DEBAD1}.Debug|Any CPU.ActiveCfg = Debug|Any CPU
		{8B5597A8-C26E-4EAC-9902-07BE93DEBAD1}.Debug|Any CPU.Build.0 = Debug|Any CPU
		{8B5597A8-C26E-4EAC-9902-07BE93DEBAD1}.Release|Any CPU.ActiveCfg = Release|Any CPU
		{8B5597A8-C26E-4EAC-9902-07BE93DEBAD1}.Release|Any CPU.Build.0 = Release|Any CPU
		{9392DA23-EB51-4FB0-A14E-E89FC7AB8804}.Debug|Any CPU.ActiveCfg = Debug|Any CPU
		{9392DA23-EB51-4FB0-A14E-E89FC7AB8804}.Debug|Any CPU.Build.0 = Debug|Any CPU
		{9392DA23-EB51-4FB0-A14E-E89FC7AB8804}.Release|Any CPU.ActiveCfg = Release|Any CPU
		{9392DA23-EB51-4FB0-A14E-E89FC7AB8804}.Release|Any CPU.Build.0 = Release|Any CPU
		{BC2F555D-EFD9-43A7-8F91-0621BAFF8692}.Debug|Any CPU.ActiveCfg = Debug|Any CPU
		{BC2F555D-EFD9-43A7-8F91-0621BAFF8692}.Debug|Any CPU.Build.0 = Debug|Any CPU
		{BC2F555D-EFD9-43A7-8F91-0621BAFF8692}.Release|Any CPU.ActiveCfg = Release|Any CPU
		{BC2F555D-EFD9-43A7-8F91-0621BAFF8692}.Release|Any CPU.Build.0 = Release|Any CPU
		{0445B4CC-A3A9-477D-BACA-52FCB4431F21}.Debug|Any CPU.ActiveCfg = Debug|Any CPU
		{0445B4CC-A3A9-477D-BACA-52FCB4431F21}.Debug|Any CPU.Build.0 = Debug|Any CPU
		{0445B4CC-A3A9-477D-BACA-52FCB4431F21}.Release|Any CPU.ActiveCfg = Release|Any CPU
		{0445B4CC-A3A9-477D-BACA-52FCB4431F21}.Release|Any CPU.Build.0 = Release|Any CPU
		{78E761E9-08D9-4348-B75D-6B12DE826312}.Debug|Any CPU.ActiveCfg = Debug|Any CPU
		{78E761E9-08D9-4348-B75D-6B12DE826312}.Debug|Any CPU.Build.0 = Debug|Any CPU
		{78E761E9-08D9-4348-B75D-6B12DE826312}.Release|Any CPU.ActiveCfg = Release|Any CPU
		{78E761E9-08D9-4348-B75D-6B12DE826312}.Release|Any CPU.Build.0 = Release|Any CPU
		{2D6601AF-451C-4D95-9776-3BE08215958D}.Debug|Any CPU.ActiveCfg = Debug|Any CPU
		{2D6601AF-451C-4D95-9776-3BE08215958D}.Debug|Any CPU.Build.0 = Debug|Any CPU
		{2D6601AF-451C-4D95-9776-3BE08215958D}.Release|Any CPU.ActiveCfg = Release|Any CPU
		{2D6601AF-451C-4D95-9776-3BE08215958D}.Release|Any CPU.Build.0 = Release|Any CPU
		{3A71A62E-21C6-474C-8918-B1E9DB8826FB}.Debug|Any CPU.ActiveCfg = Debug|Any CPU
		{3A71A62E-21C6-474C-8918-B1E9DB8826FB}.Debug|Any CPU.Build.0 = Debug|Any CPU
		{3A71A62E-21C6-474C-8918-B1E9DB8826FB}.Release|Any CPU.ActiveCfg = Release|Any CPU
		{3A71A62E-21C6-474C-8918-B1E9DB8826FB}.Release|Any CPU.Build.0 = Release|Any CPU
		{6B28F88B-CDA9-4DCF-A751-736E8A9F5C3B}.Debug|Any CPU.ActiveCfg = Debug|Any CPU
		{6B28F88B-CDA9-4DCF-A751-736E8A9F5C3B}.Debug|Any CPU.Build.0 = Debug|Any CPU
		{6B28F88B-CDA9-4DCF-A751-736E8A9F5C3B}.Release|Any CPU.ActiveCfg = Release|Any CPU
		{6B28F88B-CDA9-4DCF-A751-736E8A9F5C3B}.Release|Any CPU.Build.0 = Release|Any CPU
		{69C19ACA-61CD-4177-8C26-19B1967118F5}.Debug|Any CPU.ActiveCfg = Debug|Any CPU
		{69C19ACA-61CD-4177-8C26-19B1967118F5}.Debug|Any CPU.Build.0 = Debug|Any CPU
		{69C19ACA-61CD-4177-8C26-19B1967118F5}.Release|Any CPU.ActiveCfg = Release|Any CPU
		{69C19ACA-61CD-4177-8C26-19B1967118F5}.Release|Any CPU.Build.0 = Release|Any CPU
	EndGlobalSection
	GlobalSection(SolutionProperties) = preSolution
		HideSolutionNode = FALSE
	EndGlobalSection
	GlobalSection(NestedProjects) = preSolution
		{87A2B596-57D0-48BB-B522-895782D7A6FC} = {5D833303-E2DE-4F0D-90A6-6376B85AB779}
		{8BB3E37D-09FB-40B9-958A-8CDCD18EF1F5} = {5D833303-E2DE-4F0D-90A6-6376B85AB779}
		{73C79403-21D4-45AE-8769-332613CD45F0} = {0FBDA5F9-67E9-4480-8E59-82A26CF97853}
		{BDBA35E2-8AC6-40AB-B08D-453B1FDC4A2E} = {0FBDA5F9-67E9-4480-8E59-82A26CF97853}
		{31A87F29-7AA1-4E39-900E-9F038CE69AB5} = {0FBDA5F9-67E9-4480-8E59-82A26CF97853}
		{6535B2BC-2C78-468E-829E-8FD295210B09} = {0FBDA5F9-67E9-4480-8E59-82A26CF97853}
		{8B5597A8-C26E-4EAC-9902-07BE93DEBAD1} = {0FBDA5F9-67E9-4480-8E59-82A26CF97853}
		{9392DA23-EB51-4FB0-A14E-E89FC7AB8804} = {0FBDA5F9-67E9-4480-8E59-82A26CF97853}
		{BC2F555D-EFD9-43A7-8F91-0621BAFF8692} = {71C5EDC8-D6F4-4801-B818-5385E277475F}
		{0FBDA5F9-67E9-4480-8E59-82A26CF97853} = {5D833303-E2DE-4F0D-90A6-6376B85AB779}
		{71C5EDC8-D6F4-4801-B818-5385E277475F} = {5D833303-E2DE-4F0D-90A6-6376B85AB779}
		{3C67992F-0B4B-4785-9A9C-8FFC36552E2C} = {5D833303-E2DE-4F0D-90A6-6376B85AB779}
		{0445B4CC-A3A9-477D-BACA-52FCB4431F21} = {3C67992F-0B4B-4785-9A9C-8FFC36552E2C}
		{78E761E9-08D9-4348-B75D-6B12DE826312} = {71C5EDC8-D6F4-4801-B818-5385E277475F}
		{2D6601AF-451C-4D95-9776-3BE08215958D} = {71C5EDC8-D6F4-4801-B818-5385E277475F}
		{3A71A62E-21C6-474C-8918-B1E9DB8826FB} = {5D833303-E2DE-4F0D-90A6-6376B85AB779}
		{6B28F88B-CDA9-4DCF-A751-736E8A9F5C3B} = {0FBDA5F9-67E9-4480-8E59-82A26CF97853}
		{0BE1A2EE-B32D-4B73-880A-F0CEBE8247EC} = {5D833303-E2DE-4F0D-90A6-6376B85AB779}
		{69C19ACA-61CD-4177-8C26-19B1967118F5} = {0BE1A2EE-B32D-4B73-880A-F0CEBE8247EC}
	EndGlobalSection
EndGlobal
