
Microsoft Visual Studio Solution File, Format Version 12.00
# Visual Studio 2013
VisualStudioVersion = 12.0.30723.0
MinimumVisualStudioVersion = 10.0.40219.1
Project("{FAE04EC0-301F-11D3-BF4B-00C04F79EFBC}") = "APILoader", "APILoader\APILoader.csproj", "{BC2F555D-EFD9-43A7-8F91-0621BAFF8692}"
EndProject
Project("{FAE04EC0-301F-11D3-BF4B-00C04F79EFBC}") = "Battles", "Battles\Battles.csproj", "{73C79403-21D4-45AE-8769-332613CD45F0}"
EndProject
Project("{FAE04EC0-301F-11D3-BF4B-00C04F79EFBC}") = "DBSender", "DBSender\DBSender.csproj", "{2D6601AF-451C-4D95-9776-3BE08215958D}"
EndProject
Project("{FAE04EC0-301F-11D3-BF4B-00C04F79EFBC}") = "Headquarters", "Headquarters\Headquarters.csproj", "{BDBA35E2-8AC6-40AB-B08D-453B1FDC4A2E}"
EndProject
Project("{FAE04EC0-301F-11D3-BF4B-00C04F79EFBC}") = "Information", "Information\Information.csproj", "{31A87F29-7AA1-4E39-900E-9F038CE69AB5}"
EndProject
Project("{FAE04EC0-301F-11D3-BF4B-00C04F79EFBC}") = "Log", "Log\Log.csproj", "{6535B2BC-2C78-468E-829E-8FD295210B09}"
EndProject
Project("{FAE04EC0-301F-11D3-BF4B-00C04F79EFBC}") = "Notifier", "Notifier\Notifier.csproj", "{78E761E9-08D9-4348-B75D-6B12DE826312}"
EndProject
Project("{FAE04EC0-301F-11D3-BF4B-00C04F79EFBC}") = "Overview", "Overview\Overview.csproj", "{9392DA23-EB51-4FB0-A14E-E89FC7AB8804}"
EndProject
Project("{FAE04EC0-301F-11D3-BF4B-00C04F79EFBC}") = "Quest", "Quest\Quest.csproj", "{8B5597A8-C26E-4EAC-9902-07BE93DEBAD1}"
EndProject
Project("{FAE04EC0-301F-11D3-BF4B-00C04F79EFBC}") = "ResourceChart", "ResourceChart\ResourceChart.csproj", "{0445B4CC-A3A9-477D-BACA-52FCB4431F21}"
EndProject
Project("{2150E333-8FDC-42A3-9474-1A3956D46DE8}") = "DockContent", "DockContent", "{A9409A8B-BDFA-4B5E-9E15-18C9724AB724}"
EndProject
Project("{2150E333-8FDC-42A3-9474-1A3956D46DE8}") = "Dialog", "Dialog", "{5DEF31A2-0167-4D39-BC31-8D1FFC6F84D9}"
EndProject
Project("{2150E333-8FDC-42A3-9474-1A3956D46DE8}") = "Service", "Service", "{3F6D39E4-A822-42E3-A537-F0625704F992}"
EndProject
Project("{FAE04EC0-301F-11D3-BF4B-00C04F79EFBC}") = "CustomShipGroup", "CustomShipGroup\CustomShipGroup.csproj", "{6B28F88B-CDA9-4DCF-A751-736E8A9F5C3B}"
EndProject
Global
	GlobalSection(SolutionConfigurationPlatforms) = preSolution
		Debug|Any CPU = Debug|Any CPU
		Release|Any CPU = Release|Any CPU
	EndGlobalSection
	GlobalSection(ProjectConfigurationPlatforms) = postSolution
		{BC2F555D-EFD9-43A7-8F91-0621BAFF8692}.Debug|Any CPU.ActiveCfg = Debug|Any CPU
		{BC2F555D-EFD9-43A7-8F91-0621BAFF8692}.Debug|Any CPU.Build.0 = Debug|Any CPU
		{BC2F555D-EFD9-43A7-8F91-0621BAFF8692}.Release|Any CPU.ActiveCfg = Release|Any CPU
		{BC2F555D-EFD9-43A7-8F91-0621BAFF8692}.Release|Any CPU.Build.0 = Release|Any CPU
		{73C79403-21D4-45AE-8769-332613CD45F0}.Debug|Any CPU.ActiveCfg = Debug|Any CPU
		{73C79403-21D4-45AE-8769-332613CD45F0}.Debug|Any CPU.Build.0 = Debug|Any CPU
		{73C79403-21D4-45AE-8769-332613CD45F0}.Release|Any CPU.ActiveCfg = Release|Any CPU
		{73C79403-21D4-45AE-8769-332613CD45F0}.Release|Any CPU.Build.0 = Release|Any CPU
		{2D6601AF-451C-4D95-9776-3BE08215958D}.Debug|Any CPU.ActiveCfg = Debug|Any CPU
		{2D6601AF-451C-4D95-9776-3BE08215958D}.Debug|Any CPU.Build.0 = Debug|Any CPU
		{2D6601AF-451C-4D95-9776-3BE08215958D}.Release|Any CPU.ActiveCfg = Release|Any CPU
		{2D6601AF-451C-4D95-9776-3BE08215958D}.Release|Any CPU.Build.0 = Release|Any CPU
		{BDBA35E2-8AC6-40AB-B08D-453B1FDC4A2E}.Debug|Any CPU.ActiveCfg = Debug|Any CPU
		{BDBA35E2-8AC6-40AB-B08D-453B1FDC4A2E}.Debug|Any CPU.Build.0 = Debug|Any CPU
		{BDBA35E2-8AC6-40AB-B08D-453B1FDC4A2E}.Release|Any CPU.ActiveCfg = Release|Any CPU
		{BDBA35E2-8AC6-40AB-B08D-453B1FDC4A2E}.Release|Any CPU.Build.0 = Release|Any CPU
		{31A87F29-7AA1-4E39-900E-9F038CE69AB5}.Debug|Any CPU.ActiveCfg = Debug|Any CPU
		{31A87F29-7AA1-4E39-900E-9F038CE69AB5}.Debug|Any CPU.Build.0 = Debug|Any CPU
		{31A87F29-7AA1-4E39-900E-9F038CE69AB5}.Release|Any CPU.ActiveCfg = Release|Any CPU
		{31A87F29-7AA1-4E39-900E-9F038CE69AB5}.Release|Any CPU.Build.0 = Release|Any CPU
		{6535B2BC-2C78-468E-829E-8FD295210B09}.Debug|Any CPU.ActiveCfg = Debug|Any CPU
		{6535B2BC-2C78-468E-829E-8FD295210B09}.Debug|Any CPU.Build.0 = Debug|Any CPU
		{6535B2BC-2C78-468E-829E-8FD295210B09}.Release|Any CPU.ActiveCfg = Release|Any CPU
		{6535B2BC-2C78-468E-829E-8FD295210B09}.Release|Any CPU.Build.0 = Release|Any CPU
		{78E761E9-08D9-4348-B75D-6B12DE826312}.Debug|Any CPU.ActiveCfg = Debug|Any CPU
		{78E761E9-08D9-4348-B75D-6B12DE826312}.Debug|Any CPU.Build.0 = Debug|Any CPU
		{78E761E9-08D9-4348-B75D-6B12DE826312}.Release|Any CPU.ActiveCfg = Release|Any CPU
		{78E761E9-08D9-4348-B75D-6B12DE826312}.Release|Any CPU.Build.0 = Release|Any CPU
		{9392DA23-EB51-4FB0-A14E-E89FC7AB8804}.Debug|Any CPU.ActiveCfg = Debug|Any CPU
		{9392DA23-EB51-4FB0-A14E-E89FC7AB8804}.Debug|Any CPU.Build.0 = Debug|Any CPU
		{9392DA23-EB51-4FB0-A14E-E89FC7AB8804}.Release|Any CPU.ActiveCfg = Release|Any CPU
		{9392DA23-EB51-4FB0-A14E-E89FC7AB8804}.Release|Any CPU.Build.0 = Release|Any CPU
		{8B5597A8-C26E-4EAC-9902-07BE93DEBAD1}.Debug|Any CPU.ActiveCfg = Debug|Any CPU
		{8B5597A8-C26E-4EAC-9902-07BE93DEBAD1}.Debug|Any CPU.Build.0 = Debug|Any CPU
		{8B5597A8-C26E-4EAC-9902-07BE93DEBAD1}.Release|Any CPU.ActiveCfg = Release|Any CPU
		{8B5597A8-C26E-4EAC-9902-07BE93DEBAD1}.Release|Any CPU.Build.0 = Release|Any CPU
		{0445B4CC-A3A9-477D-BACA-52FCB4431F21}.Debug|Any CPU.ActiveCfg = Debug|Any CPU
		{0445B4CC-A3A9-477D-BACA-52FCB4431F21}.Debug|Any CPU.Build.0 = Debug|Any CPU
		{0445B4CC-A3A9-477D-BACA-52FCB4431F21}.Release|Any CPU.ActiveCfg = Release|Any CPU
		{0445B4CC-A3A9-477D-BACA-52FCB4431F21}.Release|Any CPU.Build.0 = Release|Any CPU
		{6B28F88B-CDA9-4DCF-A751-736E8A9F5C3B}.Debug|Any CPU.ActiveCfg = Debug|Any CPU
		{6B28F88B-CDA9-4DCF-A751-736E8A9F5C3B}.Debug|Any CPU.Build.0 = Debug|Any CPU
		{6B28F88B-CDA9-4DCF-A751-736E8A9F5C3B}.Release|Any CPU.ActiveCfg = Release|Any CPU
		{6B28F88B-CDA9-4DCF-A751-736E8A9F5C3B}.Release|Any CPU.Build.0 = Release|Any CPU
	EndGlobalSection
	GlobalSection(SolutionProperties) = preSolution
		HideSolutionNode = FALSE
	EndGlobalSection
	GlobalSection(NestedProjects) = preSolution
		{BC2F555D-EFD9-43A7-8F91-0621BAFF8692} = {3F6D39E4-A822-42E3-A537-F0625704F992}
		{73C79403-21D4-45AE-8769-332613CD45F0} = {A9409A8B-BDFA-4B5E-9E15-18C9724AB724}
		{2D6601AF-451C-4D95-9776-3BE08215958D} = {3F6D39E4-A822-42E3-A537-F0625704F992}
		{BDBA35E2-8AC6-40AB-B08D-453B1FDC4A2E} = {A9409A8B-BDFA-4B5E-9E15-18C9724AB724}
		{31A87F29-7AA1-4E39-900E-9F038CE69AB5} = {A9409A8B-BDFA-4B5E-9E15-18C9724AB724}
		{6535B2BC-2C78-468E-829E-8FD295210B09} = {A9409A8B-BDFA-4B5E-9E15-18C9724AB724}
		{78E761E9-08D9-4348-B75D-6B12DE826312} = {3F6D39E4-A822-42E3-A537-F0625704F992}
		{9392DA23-EB51-4FB0-A14E-E89FC7AB8804} = {A9409A8B-BDFA-4B5E-9E15-18C9724AB724}
		{8B5597A8-C26E-4EAC-9902-07BE93DEBAD1} = {A9409A8B-BDFA-4B5E-9E15-18C9724AB724}
		{0445B4CC-A3A9-477D-BACA-52FCB4431F21} = {5DEF31A2-0167-4D39-BC31-8D1FFC6F84D9}
		{6B28F88B-CDA9-4DCF-A751-736E8A9F5C3B} = {A9409A8B-BDFA-4B5E-9E15-18C9724AB724}
	EndGlobalSection
EndGlobal
